("quicklisp" .
 (:class qlot/source/dist:source-dist
  :initargs (:distribution "https://beta.quicklisp.org/dist/quicklisp.txt" :%version :latest)
  :version "2023-10-21"))
("ningle" .
 (:class qlot/source/ql:source-ql
  :initargs (:%version :latest)
  :version "ql-2023-10-21"))
("cl-ppcre" .
 (:class qlot/source/ql:source-ql
  :initargs (:%version :latest)
  :version "ql-2023-10-21"))
("filepaths" .
 (:class qlot/source/github:source-github
  :initargs (:repos "fosskers/filepaths" :ref nil :branch nil :tag nil)
  :version "github-758de35a77d011b1fbbc245dae8385a387d733d8"))
("rove" .
 (:class qlot/source/github:source-github
  :initargs (:repos "fukamachi/rove" :ref nil :branch nil :tag nil)
  :version "github-cacea7331c10fe9d8398d104b2dfd579bf7ea353"))
("dissect" .
 (:class qlot/source/github:source-github
  :initargs (:repos "shinmera/dissect" :ref nil :branch nil :tag nil)
  :version "github-a70cabcd748cf7c041196efd711e2dcca2bbbb2c"))
